// !$*UTF8*$!
{
	archiveVersion = 1;
	classes = {
	};
	objectVersion = 56;
	objects = {

/* Begin PBXBuildFile section */
		110F3A552C667C2E0059C4C9 /* StudentsList.storyboard in Resources */ = {isa = PBXBuildFile; fileRef = 110F3A542C667C2E0059C4C9 /* StudentsList.storyboard */; };
		110F3A572C667C490059C4C9 /* StudentsListVC.swift in Sources */ = {isa = PBXBuildFile; fileRef = 110F3A562C667C490059C4C9 /* StudentsListVC.swift */; };
		1144CFE02C636A2F00894698 /* AppDelegate.swift in Sources */ = {isa = PBXBuildFile; fileRef = 1144CFDF2C636A2F00894698 /* AppDelegate.swift */; };
		1144CFE22C636A2F00894698 /* SceneDelegate.swift in Sources */ = {isa = PBXBuildFile; fileRef = 1144CFE12C636A2F00894698 /* SceneDelegate.swift */; };
		1144CFE42C636A2F00894698 /* ViewController.swift in Sources */ = {isa = PBXBuildFile; fileRef = 1144CFE32C636A2F00894698 /* ViewController.swift */; };
		1144CFE72C636A2F00894698 /* Base in Resources */ = {isa = PBXBuildFile; fileRef = 1144CFE62C636A2F00894698 /* Base */; };
		1144CFE92C636A3100894698 /* Assets.xcassets in Resources */ = {isa = PBXBuildFile; fileRef = 1144CFE82C636A3100894698 /* Assets.xcassets */; };
		1144CFEC2C636A3100894698 /* Base in Resources */ = {isa = PBXBuildFile; fileRef = 1144CFEB2C636A3100894698 /* Base */; };
		1918163E2C63741C00E63C32 /* Student.swift in Sources */ = {isa = PBXBuildFile; fileRef = 1918163C2C63741C00E63C32 /* Student.swift */; };
		1918163F2C63741C00E63C32 /* Prof.swift in Sources */ = {isa = PBXBuildFile; fileRef = 1918163D2C63741C00E63C32 /* Prof.swift */; };
		191816412C63748300E63C32 /* BussinessLogic.swift in Sources */ = {isa = PBXBuildFile; fileRef = 191816402C63748300E63C32 /* BussinessLogic.swift */; };
/* End PBXBuildFile section */

/* Begin PBXFileReference section */
		110F3A542C667C2E0059C4C9 /* StudentsList.storyboard */ = {isa = PBXFileReference; lastKnownFileType = file.storyboard; path = StudentsList.storyboard; sourceTree = "<group>"; };
		110F3A562C667C490059C4C9 /* StudentsListVC.swift */ = {isa = PBXFileReference; lastKnownFileType = sourcecode.swift; path = StudentsListVC.swift; sourceTree = "<group>"; };
		1144CFDC2C636A2F00894698 /* NewUNI.app */ = {isa = PBXFileReference; explicitFileType = wrapper.application; includeInIndex = 0; path = NewUNI.app; sourceTree = BUILT_PRODUCTS_DIR; };
		1144CFDF2C636A2F00894698 /* AppDelegate.swift */ = {isa = PBXFileReference; lastKnownFileType = sourcecode.swift; path = AppDelegate.swift; sourceTree = "<group>"; };
		1144CFE12C636A2F00894698 /* SceneDelegate.swift */ = {isa = PBXFileReference; lastKnownFileType = sourcecode.swift; path = SceneDelegate.swift; sourceTree = "<group>"; };
		1144CFE32C636A2F00894698 /* ViewController.swift */ = {isa = PBXFileReference; lastKnownFileType = sourcecode.swift; path = ViewController.swift; sourceTree = "<group>"; };
		1144CFE62C636A2F00894698 /* Base */ = {isa = PBXFileReference; lastKnownFileType = file.storyboard; name = Base; path = Base.lproj/Main.storyboard; sourceTree = "<group>"; };
		1144CFE82C636A3100894698 /* Assets.xcassets */ = {isa = PBXFileReference; lastKnownFileType = folder.assetcatalog; path = Assets.xcassets; sourceTree = "<group>"; };
		1144CFEB2C636A3100894698 /* Base */ = {isa = PBXFileReference; lastKnownFileType = file.storyboard; name = Base; path = Base.lproj/LaunchScreen.storyboard; sourceTree = "<group>"; };
		1144CFED2C636A3100894698 /* Info.plist */ = {isa = PBXFileReference; lastKnownFileType = text.plist.xml; path = Info.plist; sourceTree = "<group>"; };
		1918163C2C63741C00E63C32 /* Student.swift */ = {isa = PBXFileReference; fileEncoding = 4; lastKnownFileType = sourcecode.swift; name = Student.swift; path = Entities/Student.swift; sourceTree = SOURCE_ROOT; };
		1918163D2C63741C00E63C32 /* Prof.swift */ = {isa = PBXFileReference; fileEncoding = 4; lastKnownFileType = sourcecode.swift; name = Prof.swift; path = Entities/Prof.swift; sourceTree = SOURCE_ROOT; };
		191816402C63748300E63C32 /* BussinessLogic.swift */ = {isa = PBXFileReference; lastKnownFileType = sourcecode.swift; path = BussinessLogic.swift; sourceTree = "<group>"; };
/* End PBXFileReference section */

/* Begin PBXFrameworksBuildPhase section */
		1144CFD92C636A2F00894698 /* Frameworks */ = {
			isa = PBXFrameworksBuildPhase;
			buildActionMask = 2147483647;
			files = (
			);
			runOnlyForDeploymentPostprocessing = 0;
		};
/* End PBXFrameworksBuildPhase section */

/* Begin PBXGroup section */
		1144CFD32C636A2F00894698 = {
			isa = PBXGroup;
			children = (
				1144CFDE2C636A2F00894698 /* NewUNI */,
				1144CFDD2C636A2F00894698 /* Products */,
			);
			sourceTree = "<group>";
		};
		1144CFDD2C636A2F00894698 /* Products */ = {
			isa = PBXGroup;
			children = (
				1144CFDC2C636A2F00894698 /* NewUNI.app */,
			);
			name = Products;
			sourceTree = "<group>";
		};
		1144CFDE2C636A2F00894698 /* NewUNI */ = {
			isa = PBXGroup;
			children = (
				1918163B2C63741200E63C32 /* Entities */,
				1144CFDF2C636A2F00894698 /* AppDelegate.swift */,
				1144CFE12C636A2F00894698 /* SceneDelegate.swift */,
				1144CFE32C636A2F00894698 /* ViewController.swift */,
				1144CFE52C636A2F00894698 /* Main.storyboard */,
				110F3A542C667C2E0059C4C9 /* StudentsList.storyboard */,
				110F3A562C667C490059C4C9 /* StudentsListVC.swift */,
				1144CFE82C636A3100894698 /* Assets.xcassets */,
				1144CFEA2C636A3100894698 /* LaunchScreen.storyboard */,
				1144CFED2C636A3100894698 /* Info.plist */,
			);
			path = NewUNI;
			sourceTree = "<group>";
		};
		1918163B2C63741200E63C32 /* Entities */ = {
			isa = PBXGroup;
			children = (
				1918163D2C63741C00E63C32 /* Prof.swift */,
				1918163C2C63741C00E63C32 /* Student.swift */,
				191816402C63748300E63C32 /* BussinessLogic.swift */,
			);
			path = Entities;
			sourceTree = "<group>";
		};
/* End PBXGroup section */

/* Begin PBXNativeTarget section */
		1144CFDB2C636A2F00894698 /* NewUNI */ = {
			isa = PBXNativeTarget;
			buildConfigurationList = 1144CFF02C636A3100894698 /* Build configuration list for PBXNativeTarget "NewUNI" */;
			buildPhases = (
				1144CFD82C636A2F00894698 /* Sources */,
				1144CFD92C636A2F00894698 /* Frameworks */,
				1144CFDA2C636A2F00894698 /* Resources */,
			);
			buildRules = (
			);
			dependencies = (
			);
			name = NewUNI;
			productName = NewUNI;
			productReference = 1144CFDC2C636A2F00894698 /* NewUNI.app */;
			productType = "com.apple.product-type.application";
		};
/* End PBXNativeTarget section */

/* Begin PBXProject section */
		1144CFD42C636A2F00894698 /* Project object */ = {
			isa = PBXProject;
			attributes = {
				BuildIndependentTargetsInParallel = 1;
				LastSwiftUpdateCheck = 1540;
				LastUpgradeCheck = 1540;
				TargetAttributes = {
					1144CFDB2C636A2F00894698 = {
						CreatedOnToolsVersion = 15.4;
					};
				};
			};
			buildConfigurationList = 1144CFD72C636A2F00894698 /* Build configuration list for PBXProject "NewUNI" */;
			compatibilityVersion = "Xcode 14.0";
			developmentRegion = en;
			hasScannedForEncodings = 0;
			knownRegions = (
				en,
				Base,
			);
			mainGroup = 1144CFD32C636A2F00894698;
			productRefGroup = 1144CFDD2C636A2F00894698 /* Products */;
			projectDirPath = "";
			projectRoot = "";
			targets = (
				1144CFDB2C636A2F00894698 /* NewUNI */,
			);
		};
/* End PBXProject section */

/* Begin PBXResourcesBuildPhase section */
		1144CFDA2C636A2F00894698 /* Resources */ = {
			isa = PBXResourcesBuildPhase;
			buildActionMask = 2147483647;
			files = (
				110F3A552C667C2E0059C4C9 /* StudentsList.storyboard in Resources */,
				1144CFE92C636A3100894698 /* Assets.xcassets in Resources */,
				1144CFEC2C636A3100894698 /* Base in Resources */,
				1144CFE72C636A2F00894698 /* Base in Resources */,
			);
			runOnlyForDeploymentPostprocessing = 0;
		};
/* End PBXResourcesBuildPhase section */

/* Begin PBXSourcesBuildPhase section */
		1144CFD82C636A2F00894698 /* Sources */ = {
			isa = PBXSourcesBuildPhase;
			buildActionMask = 2147483647;
			files = (
				1918163F2C63741C00E63C32 /* Prof.swift in Sources */,
				1144CFE42C636A2F00894698 /* ViewController.swift in Sources */,
				191816412C63748300E63C32 /* BussinessLogic.swift in Sources */,
				1144CFE02C636A2F00894698 /* AppDelegate.swift in Sources */,
				1144CFE22C636A2F00894698 /* SceneDelegate.swift in Sources */,
				110F3A572C667C490059C4C9 /* StudentsListVC.swift in Sources */,
				1918163E2C63741C00E63C32 /* Student.swift in Sources */,
			);
			runOnlyForDeploymentPostprocessing = 0;
		};
/* End PBXSourcesBuildPhase section */

/* Begin PBXVariantGroup section */
		1144CFE52C636A2F00894698 /* Main.storyboard */ = {
			isa = PBXVariantGroup;
			children = (
				1144CFE62C636A2F00894698 /* Base */,
			);
			name = Main.storyboard;
			sourceTree = "<group>";
		};
		1144CFEA2C636A3100894698 /* LaunchScreen.storyboard */ = {
			isa = PBXVariantGroup;
			children = (
				1144CFEB2C636A3100894698 /* Base */,
			);
			name = LaunchScreen.storyboard;
			sourceTree = "<group>";
		};
/* End PBXVariantGroup section */

/* Begin XCBuildConfiguration section */
		1144CFEE2C636A3100894698 /* Debug */ = {
			isa = XCBuildConfiguration;
			buildSettings = {
				ALWAYS_SEARCH_USER_PATHS = NO;
				ASSETCATALOG_COMPILER_GENERATE_SWIFT_ASSET_SYMBOL_EXTENSIONS = YES;
				CLANG_ANALYZER_NONNULL = YES;
				CLANG_ANALYZER_NUMBER_OBJECT_CONVERSION = YES_AGGRESSIVE;
				CLANG_CXX_LANGUAGE_STANDARD = "gnu++20";
				CLANG_ENABLE_MODULES = YES;
				CLANG_ENABLE_OBJC_ARC = YES;
				CLANG_ENABLE_OBJC_WEAK = YES;
				CLANG_WARN_BLOCK_CAPTURE_AUTORELEASING = YES;
				CLANG_WARN_BOOL_CONVERSION = YES;
				CLANG_WARN_COMMA = YES;
				CLANG_WARN_CONSTANT_CONVERSION = YES;
				CLANG_WARN_DEPRECATED_OBJC_IMPLEMENTATIONS = YES;
				CLANG_WARN_DIRECT_OBJC_ISA_USAGE = YES_ERROR;
				CLANG_WARN_DOCUMENTATION_COMMENTS = YES;
				CLANG_WARN_EMPTY_BODY = YES;
				CLANG_WARN_ENUM_CONVERSION = YES;
				CLANG_WARN_INFINITE_RECURSION = YES;
				CLANG_WARN_INT_CONVERSION = YES;
				CLANG_WARN_NON_LITERAL_NULL_CONVERSION = YES;
				CLANG_WARN_OBJC_IMPLICIT_RETAIN_SELF = YES;
				CLANG_WARN_OBJC_LITERAL_CONVERSION = YES;
				CLANG_WARN_OBJC_ROOT_CLASS = YES_ERROR;
				CLANG_WARN_QUOTED_INCLUDE_IN_FRAMEWORK_HEADER = YES;
				CLANG_WARN_RANGE_LOOP_ANALYSIS = YES;
				CLANG_WARN_STRICT_PROTOTYPES = YES;
				CLANG_WARN_SUSPICIOUS_MOVE = YES;
				CLANG_WARN_UNGUARDED_AVAILABILITY = YES_AGGRESSIVE;
				CLANG_WARN_UNREACHABLE_CODE = YES;
				CLANG_WARN__DUPLICATE_METHOD_MATCH = YES;
				COPY_PHASE_STRIP = NO;
				DEBUG_INFORMATION_FORMAT = dwarf;
				ENABLE_STRICT_OBJC_MSGSEND = YES;
				ENABLE_TESTABILITY = YES;
				ENABLE_USER_SCRIPT_SANDBOXING = YES;
				GCC_C_LANGUAGE_STANDARD = gnu17;
				GCC_DYNAMIC_NO_PIC = NO;
				GCC_NO_COMMON_BLOCKS = YES;
				GCC_OPTIMIZATION_LEVEL = 0;
				GCC_PREPROCESSOR_DEFINITIONS = (
					"DEBUG=1",
					"$(inherited)",
				);
				GCC_WARN_64_TO_32_BIT_CONVERSION = YES;
				GCC_WARN_ABOUT_RETURN_TYPE = YES_ERROR;
				GCC_WARN_UNDECLARED_SELECTOR = YES;
				GCC_WARN_UNINITIALIZED_AUTOS = YES_AGGRESSIVE;
				GCC_WARN_UNUSED_FUNCTION = YES;
				GCC_WARN_UNUSED_VARIABLE = YES;
				IPHONEOS_DEPLOYMENT_TARGET = 17.5;
				LOCALIZATION_PREFERS_STRING_CATALOGS = YES;
				MTL_ENABLE_DEBUG_INFO = INCLUDE_SOURCE;
				MTL_FAST_MATH = YES;
				ONLY_ACTIVE_ARCH = YES;
				SDKROOT = iphoneos;
				SWIFT_ACTIVE_COMPILATION_CONDITIONS = "DEBUG $(inherited)";
				SWIFT_OPTIMIZATION_LEVEL = "-Onone";
			};
			name = Debug;
		};
		1144CFEF2C636A3100894698 /* Release */ = {
			isa = XCBuildConfiguration;
			buildSettings = {
				ALWAYS_SEARCH_USER_PATHS = NO;
				ASSETCATALOG_COMPILER_GENERATE_SWIFT_ASSET_SYMBOL_EXTENSIONS = YES;
				CLANG_ANALYZER_NONNULL = YES;
				CLANG_ANALYZER_NUMBER_OBJECT_CONVERSION = YES_AGGRESSIVE;
				CLANG_CXX_LANGUAGE_STANDARD = "gnu++20";
				CLANG_ENABLE_MODULES = YES;
				CLANG_ENABLE_OBJC_ARC = YES;
				CLANG_ENABLE_OBJC_WEAK = YES;
				CLANG_WARN_BLOCK_CAPTURE_AUTORELEASING = YES;
				CLANG_WARN_BOOL_CONVERSION = YES;
				CLANG_WARN_COMMA = YES;
				CLANG_WARN_CONSTANT_CONVERSION = YES;
				CLANG_WARN_DEPRECATED_OBJC_IMPLEMENTATIONS = YES;
				CLANG_WARN_DIRECT_OBJC_ISA_USAGE = YES_ERROR;
				CLANG_WARN_DOCUMENTATION_COMMENTS = YES;
				CLANG_WARN_EMPTY_BODY = YES;
				CLANG_WARN_ENUM_CONVERSION = YES;
				CLANG_WARN_INFINITE_RECURSION = YES;
				CLANG_WARN_INT_CONVERSION = YES;
				CLANG_WARN_NON_LITERAL_NULL_CONVERSION = YES;
				CLANG_WARN_OBJC_IMPLICIT_RETAIN_SELF = YES;
				CLANG_WARN_OBJC_LITERAL_CONVERSION = YES;
				CLANG_WARN_OBJC_ROOT_CLASS = YES_ERROR;
				CLANG_WARN_QUOTED_INCLUDE_IN_FRAMEWORK_HEADER = YES;
				CLANG_WARN_RANGE_LOOP_ANALYSIS = YES;
				CLANG_WARN_STRICT_PROTOTYPES = YES;
				CLANG_WARN_SUSPICIOUS_MOVE = YES;
				CLANG_WARN_UNGUARDED_AVAILABILITY = YES_AGGRESSIVE;
				CLANG_WARN_UNREACHABLE_CODE = YES;
				CLANG_WARN__DUPLICATE_METHOD_MATCH = YES;
				COPY_PHASE_STRIP = NO;
				DEBUG_INFORMATION_FORMAT = "dwarf-with-dsym";
				ENABLE_NS_ASSERTIONS = NO;
				ENABLE_STRICT_OBJC_MSGSEND = YES;
				ENABLE_USER_SCRIPT_SANDBOXING = YES;
				GCC_C_LANGUAGE_STANDARD = gnu17;
				GCC_NO_COMMON_BLOCKS = YES;
				GCC_WARN_64_TO_32_BIT_CONVERSION = YES;
				GCC_WARN_ABOUT_RETURN_TYPE = YES_ERROR;
				GCC_WARN_UNDECLARED_SELECTOR = YES;
				GCC_WARN_UNINITIALIZED_AUTOS = YES_AGGRESSIVE;
				GCC_WARN_UNUSED_FUNCTION = YES;
				GCC_WARN_UNUSED_VARIABLE = YES;
				IPHONEOS_DEPLOYMENT_TARGET = 17.5;
				LOCALIZATION_PREFERS_STRING_CATALOGS = YES;
				MTL_ENABLE_DEBUG_INFO = NO;
				MTL_FAST_MATH = YES;
				SDKROOT = iphoneos;
				SWIFT_COMPILATION_MODE = wholemodule;
				VALIDATE_PRODUCT = YES;
			};
			name = Release;
		};
		1144CFF12C636A3100894698 /* Debug */ = {
			isa = XCBuildConfiguration;
			buildSettings = {
				ASSETCATALOG_COMPILER_APPICON_NAME = AppIcon;
				ASSETCATALOG_COMPILER_GLOBAL_ACCENT_COLOR_NAME = AccentColor;
				CODE_SIGN_STYLE = Automatic;
				CURRENT_PROJECT_VERSION = 1;
				GENERATE_INFOPLIST_FILE = YES;
				INFOPLIST_FILE = NewUNI/Info.plist;
				INFOPLIST_KEY_UIApplicationSupportsIndirectInputEvents = YES;
				INFOPLIST_KEY_UILaunchStoryboardName = LaunchScreen;
				INFOPLIST_KEY_UIMainStoryboardFile = Main;
				INFOPLIST_KEY_UISupportedInterfaceOrientations_iPad = "UIInterfaceOrientationPortrait UIInterfaceOrientationPortraitUpsideDown UIInterfaceOrientationLandscapeLeft UIInterfaceOrientationLandscapeRight";
				INFOPLIST_KEY_UISupportedInterfaceOrientations_iPhone = "UIInterfaceOrientationPortrait UIInterfaceOrientationLandscapeLeft UIInterfaceOrientationLandscapeRight";
				LD_RUNPATH_SEARCH_PATHS = (
					"$(inherited)",
					"@executable_path/Frameworks",
				);
				MARKETING_VERSION = 1.0;
				PRODUCT_BUNDLE_IDENTIFIER = none.NewUNI;
				PRODUCT_NAME = "$(TARGET_NAME)";
				SWIFT_EMIT_LOC_STRINGS = YES;
				SWIFT_VERSION = 5.0;
				TARGETED_DEVICE_FAMILY = "1,2";
			};
			name = Debug;
		};
		1144CFF22C636A3100894698 /* Release */ = {
			isa = XCBuildConfiguration;
			buildSettings = {
				ASSETCATALOG_COMPILER_APPICON_NAME = AppIcon;
				ASSETCATALOG_COMPILER_GLOBAL_ACCENT_COLOR_NAME = AccentColor;
				CODE_SIGN_STYLE = Automatic;
				CURRENT_PROJECT_VERSION = 1;
				GENERATE_INFOPLIST_FILE = YES;
				INFOPLIST_FILE = NewUNI/Info.plist;
				INFOPLIST_KEY_UIApplicationSupportsIndirectInputEvents = YES;
				INFOPLIST_KEY_UILaunchStoryboardName = LaunchScreen;
				INFOPLIST_KEY_UIMainStoryboardFile = Main;
				INFOPLIST_KEY_UISupportedInterfaceOrientations_iPad = "UIInterfaceOrientationPortrait UIInterfaceOrientationPortraitUpsideDown UIInterfaceOrientationLandscapeLeft UIInterfaceOrientationLandscapeRight";
				INFOPLIST_KEY_UISupportedInterfaceOrientations_iPhone = "UIInterfaceOrientationPortrait UIInterfaceOrientationLandscapeLeft UIInterfaceOrientationLandscapeRight";
				LD_RUNPATH_SEARCH_PATHS = (
					"$(inherited)",
					"@executable_path/Frameworks",
				);
				MARKETING_VERSION = 1.0;
				PRODUCT_BUNDLE_IDENTIFIER = none.NewUNI;
				PRODUCT_NAME = "$(TARGET_NAME)";
				SWIFT_EMIT_LOC_STRINGS = YES;
				SWIFT_VERSION = 5.0;
				TARGETED_DEVICE_FAMILY = "1,2";
			};
			name = Release;
		};
/* End XCBuildConfiguration section */

/* Begin XCConfigurationList section */
		1144CFD72C636A2F00894698 /* Build configuration list for PBXProject "NewUNI" */ = {
			isa = XCConfigurationList;
			buildConfigurations = (
				1144CFEE2C636A3100894698 /* Debug */,
				1144CFEF2C636A3100894698 /* Release */,
			);
			defaultConfigurationIsVisible = 0;
			defaultConfigurationName = Release;
		};
		1144CFF02C636A3100894698 /* Build configuration list for PBXNativeTarget "NewUNI" */ = {
			isa = XCConfigurationList;
			buildConfigurations = (
				1144CFF12C636A3100894698 /* Debug */,
				1144CFF22C636A3100894698 /* Release */,
			);
			defaultConfigurationIsVisible = 0;
			defaultConfigurationName = Release;
		};
/* End XCConfigurationList section */
	};
	rootObject = 1144CFD42C636A2F00894698 /* Project object */;
}
